
Microsoft Visual Studio Solution File, Format Version 12.00
# Visual Studio Version 17
VisualStudioVersion = 17.11.35327.3
MinimumVisualStudioVersion = 10.0.40219.1
Project("{9A19103F-16F7-4668-BE54-9A1E7A4F7556}") = "David.Academia.SistemaViajes.ProyectoFinal", "David.Academia.SistemaViajes.ProyectoFinal.csproj", "{1C973AD9-837A-4B47-9784-0D981AB95447}"
EndProject
Global
	GlobalSection(SolutionConfigurationPlatforms) = preSolution
		Debug|Any CPU = Debug|Any CPU
		Release|Any CPU = Release|Any CPU
	EndGlobalSection
	GlobalSection(ProjectConfigurationPlatforms) = postSolution
		{1C973AD9-837A-4B47-9784-0D981AB95447}.Debug|Any CPU.ActiveCfg = Debug|Any CPU
		{1C973AD9-837A-4B47-9784-0D981AB95447}.Debug|Any CPU.Build.0 = Debug|Any CPU
		{1C973AD9-837A-4B47-9784-0D981AB95447}.Release|Any CPU.ActiveCfg = Release|Any CPU
		{1C973AD9-837A-4B47-9784-0D981AB95447}.Release|Any CPU.Build.0 = Release|Any CPU
	EndGlobalSection
	GlobalSection(SolutionProperties) = preSolution
		HideSolutionNode = FALSE
	EndGlobalSection
	GlobalSection(ExtensibilityGlobals) = postSolution
		SolutionGuid = {1D3C94E5-0C44-479E-9C6F-68E5E43535BA}
	EndGlobalSection
EndGlobal
